[[schemas]]
subject = "credential"
version = 2
sha512 = "0e01b47d7892ee2c5d7b21e5f7da6bb196404d5e5beeb8ac5c14100736d12252988df47a8924f7e3edf7205755423553f2c561623ff3644989a3f1450a798909"

[[schemas]]
subject = "customer"
version = 1
sha512 = "e91f3aa8f20639973deb1ca131c2342b53c802807a52ea40f4f54c3ab7c79158f969cd42a3f3925760941f113270a4549d8d7378e578f9fe5ef6abb09e05848a"

[[schemas]]
subject = "nfts"
version = 3
sha512 = "80d186eac490dad93ef987dcb86026c8d296ec2c66e4ea77b6b122114c75cb3b3ca2b75ecf07e44072619089ad516e41a56dff250a27bdc69878fe011187b9fb"

[[schemas]]
subject = "organization"
version = 5
sha512 = "9fb28ac73d9712292297394a5fa53a7dae9deba6847353582987ba749859301c23c05fd49d2ce84a1640f8864c5c04d59fa38907700b280000e5c4afc96654bf"

[[schemas]]
subject = "treasury"
version = 5
sha512 = "6961f0b9a85e2f36676111643d329c325f49929deabb1bdc7579395b1b59ca1be10904218d9fef2b74d85976aa1afa1029eb2212d0b8a8e851920cd4afe6934f"
